
Microsoft Visual Studio Solution File, Format Version 12.00
# Visual Studio Version 17
VisualStudioVersion = 17.5.33627.172
MinimumVisualStudioVersion = 10.0.40219.1
Project("{FAE04EC0-301F-11D3-BF4B-00C04F79EFBC}") = "Landivar_Inventario", "Landivar_Inventario\Landivar_Inventario.csproj", "{884E6E0B-9F1E-4F4B-A073-E133A681E9B2}"
EndProject
Global
	GlobalSection(SolutionConfigurationPlatforms) = preSolution
		Debug|Any CPU = Debug|Any CPU
		Release|Any CPU = Release|Any CPU
	EndGlobalSection
	GlobalSection(ProjectConfigurationPlatforms) = postSolution
		{884E6E0B-9F1E-4F4B-A073-E133A681E9B2}.Debug|Any CPU.ActiveCfg = Debug|Any CPU
		{884E6E0B-9F1E-4F4B-A073-E133A681E9B2}.Debug|Any CPU.Build.0 = Debug|Any CPU
		{884E6E0B-9F1E-4F4B-A073-E133A681E9B2}.Release|Any CPU.ActiveCfg = Release|Any CPU
		{884E6E0B-9F1E-4F4B-A073-E133A681E9B2}.Release|Any CPU.Build.0 = Release|Any CPU
	EndGlobalSection
	GlobalSection(SolutionProperties) = preSolution
		HideSolutionNode = FALSE
	EndGlobalSection
	GlobalSection(ExtensibilityGlobals) = postSolution
		SolutionGuid = {01613BAA-866F-4DC6-901B-A0BED0274F6E}
	EndGlobalSection
EndGlobal
